
Microsoft Visual Studio Solution File, Format Version 12.00
# Visual Studio Version 16
VisualStudioVersion = 16.0.31613.86
MinimumVisualStudioVersion = 10.0.40219.1
Project("{FAE04EC0-301F-11D3-BF4B-00C04F79EFBC}") = "WebApplication1", "WebApplication1\WebApplication1.csproj", "{DCA30369-4FFE-47DF-B2A6-ABD719586DAA}"
EndProject
Global
	GlobalSection(SolutionConfigurationPlatforms) = preSolution
		Debug|Any CPU = Debug|Any CPU
		Release|Any CPU = Release|Any CPU
	EndGlobalSection
	GlobalSection(ProjectConfigurationPlatforms) = postSolution
		{DCA30369-4FFE-47DF-B2A6-ABD719586DAA}.Debug|Any CPU.ActiveCfg = Debug|Any CPU
		{DCA30369-4FFE-47DF-B2A6-ABD719586DAA}.Debug|Any CPU.Build.0 = Debug|Any CPU
		{DCA30369-4FFE-47DF-B2A6-ABD719586DAA}.Release|Any CPU.ActiveCfg = Release|Any CPU
		{DCA30369-4FFE-47DF-B2A6-ABD719586DAA}.Release|Any CPU.Build.0 = Release|Any CPU
	EndGlobalSection
	GlobalSection(SolutionProperties) = preSolution
		HideSolutionNode = FALSE
	EndGlobalSection
	GlobalSection(ExtensibilityGlobals) = postSolution
		SolutionGuid = {EE3B1674-6ED1-4F4D-95F8-C84C145EAEEF}
	EndGlobalSection
EndGlobal
